
Microsoft Visual Studio Solution File, Format Version 12.00
# Visual Studio Version 17
VisualStudioVersion = 17.10.35013.160
MinimumVisualStudioVersion = 10.0.40219.1
Project("{FAE04EC0-301F-11D3-BF4B-00C04F79EFBC}") = "SenAIS", "SenAIS\SenAIS.csproj", "{49AD04F5-10BD-4E91-976A-989F15163013}"
EndProject
Project("{54435603-DBB4-11D2-8724-00A0C9A8B90C}") = "SenAISSetup", "SenAISSetup\SenAISSetup.vdproj", "{379C7490-83CC-494A-B260-02389C6687EA}"
EndProject
Project("{FAE04EC0-301F-11D3-BF4B-00C04F79EFBC}") = "SenAIS_HD", "SenAIS_HD\SenAIS_HD.csproj", "{DDA9210A-F8D9-4CDD-BF6B-3D0502685A16}"
EndProject
Project("{54435603-DBB4-11D2-8724-00A0C9A8B90C}") = "SenAIS_HD_Setup", "SenAIS_HD_Setup\SenAIS_HD_Setup.vdproj", "{60BC25CD-044A-4E43-9E60-11AA7DEB54A3}"
EndProject
Global
	GlobalSection(SolutionConfigurationPlatforms) = preSolution
		Debug|Any CPU = Debug|Any CPU
		Release|Any CPU = Release|Any CPU
	EndGlobalSection
	GlobalSection(ProjectConfigurationPlatforms) = postSolution
		{49AD04F5-10BD-4E91-976A-989F15163013}.Debug|Any CPU.ActiveCfg = Debug|Any CPU
		{49AD04F5-10BD-4E91-976A-989F15163013}.Debug|Any CPU.Build.0 = Debug|Any CPU
		{49AD04F5-10BD-4E91-976A-989F15163013}.Release|Any CPU.ActiveCfg = Release|Any CPU
		{49AD04F5-10BD-4E91-976A-989F15163013}.Release|Any CPU.Build.0 = Release|Any CPU
		{379C7490-83CC-494A-B260-02389C6687EA}.Debug|Any CPU.ActiveCfg = Debug
		{379C7490-83CC-494A-B260-02389C6687EA}.Release|Any CPU.ActiveCfg = Release
		{DDA9210A-F8D9-4CDD-BF6B-3D0502685A16}.Debug|Any CPU.ActiveCfg = Debug|Any CPU
		{DDA9210A-F8D9-4CDD-BF6B-3D0502685A16}.Debug|Any CPU.Build.0 = Debug|Any CPU
		{DDA9210A-F8D9-4CDD-BF6B-3D0502685A16}.Release|Any CPU.ActiveCfg = Release|Any CPU
		{DDA9210A-F8D9-4CDD-BF6B-3D0502685A16}.Release|Any CPU.Build.0 = Release|Any CPU
		{60BC25CD-044A-4E43-9E60-11AA7DEB54A3}.Debug|Any CPU.ActiveCfg = Debug
		{60BC25CD-044A-4E43-9E60-11AA7DEB54A3}.Release|Any CPU.ActiveCfg = Release
	EndGlobalSection
	GlobalSection(SolutionProperties) = preSolution
		HideSolutionNode = FALSE
	EndGlobalSection
	GlobalSection(ExtensibilityGlobals) = postSolution
		SolutionGuid = {9169CDC3-6387-4091-91F4-BD70D951B67B}
	EndGlobalSection
EndGlobal
